
Microsoft Visual Studio Solution File, Format Version 12.00
# Visual Studio 15
VisualStudioVersion = 15.0.27703.2026
MinimumVisualStudioVersion = 10.0.40219.1
Project("{9A19103F-16F7-4668-BE54-9A1E7A4F7556}") = "WebApplication2", "WebApplication2\WebApplication2.csproj", "{7F548058-DCA2-4262-A513-9933EC3CC86C}"
EndProject
Project("{9A19103F-16F7-4668-BE54-9A1E7A4F7556}") = "Externo", "Externo\Externo.csproj", "{61B19596-5D85-4056-ADB0-F5CAB1B847BC}"
EndProject
Project("{9A19103F-16F7-4668-BE54-9A1E7A4F7556}") = "Entidades", "Entidades\Entidades.csproj", "{76F93E8C-6253-42E8-B177-AC5E99ACB3DB}"
EndProject
Global
	GlobalSection(SolutionConfigurationPlatforms) = preSolution
		Debug|Any CPU = Debug|Any CPU
		Release|Any CPU = Release|Any CPU
	EndGlobalSection
	GlobalSection(ProjectConfigurationPlatforms) = postSolution
		{7F548058-DCA2-4262-A513-9933EC3CC86C}.Debug|Any CPU.ActiveCfg = Debug|Any CPU
		{7F548058-DCA2-4262-A513-9933EC3CC86C}.Debug|Any CPU.Build.0 = Debug|Any CPU
		{7F548058-DCA2-4262-A513-9933EC3CC86C}.Release|Any CPU.ActiveCfg = Release|Any CPU
		{7F548058-DCA2-4262-A513-9933EC3CC86C}.Release|Any CPU.Build.0 = Release|Any CPU
		{61B19596-5D85-4056-ADB0-F5CAB1B847BC}.Debug|Any CPU.ActiveCfg = Debug|Any CPU
		{61B19596-5D85-4056-ADB0-F5CAB1B847BC}.Debug|Any CPU.Build.0 = Debug|Any CPU
		{61B19596-5D85-4056-ADB0-F5CAB1B847BC}.Release|Any CPU.ActiveCfg = Release|Any CPU
		{61B19596-5D85-4056-ADB0-F5CAB1B847BC}.Release|Any CPU.Build.0 = Release|Any CPU
		{76F93E8C-6253-42E8-B177-AC5E99ACB3DB}.Debug|Any CPU.ActiveCfg = Debug|Any CPU
		{76F93E8C-6253-42E8-B177-AC5E99ACB3DB}.Debug|Any CPU.Build.0 = Debug|Any CPU
		{76F93E8C-6253-42E8-B177-AC5E99ACB3DB}.Release|Any CPU.ActiveCfg = Release|Any CPU
		{76F93E8C-6253-42E8-B177-AC5E99ACB3DB}.Release|Any CPU.Build.0 = Release|Any CPU
	EndGlobalSection
	GlobalSection(SolutionProperties) = preSolution
		HideSolutionNode = FALSE
	EndGlobalSection
	GlobalSection(ExtensibilityGlobals) = postSolution
		SolutionGuid = {9D0F468B-195F-43ED-8101-0625E341BD74}
	EndGlobalSection
EndGlobal
